
Microsoft Visual Studio Solution File, Format Version 12.00
# Visual Studio 2012
Project("{FAE04EC0-301F-11D3-BF4B-00C04F79EFBC}") = "Site", "Site\Site.csproj", "{0F73C402-A398-430B-A082-368AE9F203DB}"
EndProject
Project("{FAE04EC0-301F-11D3-BF4B-00C04F79EFBC}") = "DAL", "DAL\DAL.csproj", "{1896DCAD-3640-463F-83A5-8414697294AE}"
EndProject
Global
	GlobalSection(SolutionConfigurationPlatforms) = preSolution
		Debug|Any CPU = Debug|Any CPU
		Release|Any CPU = Release|Any CPU
	EndGlobalSection
	GlobalSection(ProjectConfigurationPlatforms) = postSolution
		{0F73C402-A398-430B-A082-368AE9F203DB}.Debug|Any CPU.ActiveCfg = Debug|Any CPU
		{0F73C402-A398-430B-A082-368AE9F203DB}.Debug|Any CPU.Build.0 = Debug|Any CPU
		{0F73C402-A398-430B-A082-368AE9F203DB}.Release|Any CPU.ActiveCfg = Release|Any CPU
		{0F73C402-A398-430B-A082-368AE9F203DB}.Release|Any CPU.Build.0 = Release|Any CPU
		{1896DCAD-3640-463F-83A5-8414697294AE}.Debug|Any CPU.ActiveCfg = Debug|Any CPU
		{1896DCAD-3640-463F-83A5-8414697294AE}.Debug|Any CPU.Build.0 = Debug|Any CPU
		{1896DCAD-3640-463F-83A5-8414697294AE}.Release|Any CPU.ActiveCfg = Release|Any CPU
		{1896DCAD-3640-463F-83A5-8414697294AE}.Release|Any CPU.Build.0 = Release|Any CPU
	EndGlobalSection
	GlobalSection(SolutionProperties) = preSolution
		HideSolutionNode = FALSE
	EndGlobalSection
EndGlobal
